// !$*UTF8*$!
{
	archiveVersion = 1;
	classes = {
	};
	objectVersion = 55;
	objects = {

/* Begin PBXBuildFile section */
		0746931928AF3907000423BE /* MockData.swift in Sources */ = {isa = PBXBuildFile; fileRef = 0746931828AF3907000423BE /* MockData.swift */; };
		0750D717292AAAD500224D24 /* SelectReportIntents.intentdefinition in Sources */ = {isa = PBXBuildFile; fileRef = 0750D716292AAAD500224D24 /* SelectReportIntents.intentdefinition */; };
		0750D718292AAAD500224D24 /* SelectReportIntents.intentdefinition in Sources */ = {isa = PBXBuildFile; fileRef = 0750D716292AAAD500224D24 /* SelectReportIntents.intentdefinition */; };
		0750D720292AABE100224D24 /* Intents.framework in Frameworks */ = {isa = PBXBuildFile; fileRef = 0750D71F292AABE100224D24 /* Intents.framework */; };
		0750D723292AABE100224D24 /* IntentHandler.swift in Sources */ = {isa = PBXBuildFile; fileRef = 0750D722292AABE100224D24 /* IntentHandler.swift */; };
		0750D727292AABE100224D24 /* RepoWatcherIntents.appex in Embed Foundation Extensions */ = {isa = PBXBuildFile; fileRef = 0750D71E292AABE100224D24 /* RepoWatcherIntents.appex */; settings = {ATTRIBUTES = (RemoveHeadersOnCopy, ); }; };
		0750D72C292AAC7200224D24 /* SelectReportIntents.intentdefinition in Sources */ = {isa = PBXBuildFile; fileRef = 0750D716292AAAD500224D24 /* SelectReportIntents.intentdefinition */; };
		0750D72D292AACA100224D24 /* UserDefaults+Ext.swift in Sources */ = {isa = PBXBuildFile; fileRef = 075D0968292827A90006C383 /* UserDefaults+Ext.swift */; };
		0759DB4728B32674005D5881 /* WidgetBundle.swift in Sources */ = {isa = PBXBuildFile; fileRef = 0759DB4628B32674005D5881 /* WidgetBundle.swift */; };
		0759DB4928B3287E005D5881 /* SingleRepoWidget.swift in Sources */ = {isa = PBXBuildFile; fileRef = 0759DB4828B3287E005D5881 /* SingleRepoWidget.swift */; };
		0759DB4B28B32FF5005D5881 /* ContributorMediumView.swift in Sources */ = {isa = PBXBuildFile; fileRef = 0759DB4A28B32FF5005D5881 /* ContributorMediumView.swift */; };
		0759DB4D28B331B1005D5881 /* Contributor.swift in Sources */ = {isa = PBXBuildFile; fileRef = 0759DB4C28B331B1005D5881 /* Contributor.swift */; };
		0759DB4E28B331B1005D5881 /* Contributor.swift in Sources */ = {isa = PBXBuildFile; fileRef = 0759DB4C28B331B1005D5881 /* Contributor.swift */; };
		075D0969292827A90006C383 /* UserDefaults+Ext.swift in Sources */ = {isa = PBXBuildFile; fileRef = 075D0968292827A90006C383 /* UserDefaults+Ext.swift */; };
		0766260728ADEAEB00CB32A7 /* RepoMediumView.swift in Sources */ = {isa = PBXBuildFile; fileRef = 0766260628ADEAEB00CB32A7 /* RepoMediumView.swift */; };
		07731B3628A88B5700F39ABA /* RepoWatcherApp.swift in Sources */ = {isa = PBXBuildFile; fileRef = 07731B3528A88B5700F39ABA /* RepoWatcherApp.swift */; };
		07731B3828A88B5700F39ABA /* ContentView.swift in Sources */ = {isa = PBXBuildFile; fileRef = 07731B3728A88B5700F39ABA /* ContentView.swift */; };
		07731B3A28A88B5800F39ABA /* Assets.xcassets in Resources */ = {isa = PBXBuildFile; fileRef = 07731B3928A88B5800F39ABA /* Assets.xcassets */; };
		07731B3D28A88B5800F39ABA /* Preview Assets.xcassets in Resources */ = {isa = PBXBuildFile; fileRef = 07731B3C28A88B5800F39ABA /* Preview Assets.xcassets */; };
		07731B4A28A88B7600F39ABA /* WidgetKit.framework in Frameworks */ = {isa = PBXBuildFile; fileRef = 07731B4928A88B7600F39ABA /* WidgetKit.framework */; };
		07731B4C28A88B7600F39ABA /* SwiftUI.framework in Frameworks */ = {isa = PBXBuildFile; fileRef = 07731B4B28A88B7600F39ABA /* SwiftUI.framework */; };
		07731B4F28A88B7600F39ABA /* DoubleRepoWidget.swift in Sources */ = {isa = PBXBuildFile; fileRef = 07731B4E28A88B7600F39ABA /* DoubleRepoWidget.swift */; };
		07731B5128A88B7700F39ABA /* Assets.xcassets in Resources */ = {isa = PBXBuildFile; fileRef = 07731B5028A88B7700F39ABA /* Assets.xcassets */; };
		07731B5528A88B7700F39ABA /* RepoWatcherWidgetExtension.appex in Embed Foundation Extensions */ = {isa = PBXBuildFile; fileRef = 07731B4728A88B7600F39ABA /* RepoWatcherWidgetExtension.appex */; settings = {ATTRIBUTES = (RemoveHeadersOnCopy, ); }; };
		07731B5B28A8905700F39ABA /* Repository.swift in Sources */ = {isa = PBXBuildFile; fileRef = 07731B5A28A8905700F39ABA /* Repository.swift */; };
		07731B5D28A892ED00F39ABA /* Repository.swift in Sources */ = {isa = PBXBuildFile; fileRef = 07731B5A28A8905700F39ABA /* Repository.swift */; };
		07731B5F28A8976C00F39ABA /* NetworkManager.swift in Sources */ = {isa = PBXBuildFile; fileRef = 07731B5E28A8976C00F39ABA /* NetworkManager.swift */; };
		07731B6028A8976C00F39ABA /* NetworkManager.swift in Sources */ = {isa = PBXBuildFile; fileRef = 07731B5E28A8976C00F39ABA /* NetworkManager.swift */; };
/* End PBXBuildFile section */

/* Begin PBXContainerItemProxy section */
		0750D725292AABE100224D24 /* PBXContainerItemProxy */ = {
			isa = PBXContainerItemProxy;
			containerPortal = 07731B2A28A88B5600F39ABA /* Project object */;
			proxyType = 1;
			remoteGlobalIDString = 0750D71D292AABE100224D24;
			remoteInfo = RepoWatcherIntents;
		};
		07731B5328A88B7700F39ABA /* PBXContainerItemProxy */ = {
			isa = PBXContainerItemProxy;
			containerPortal = 07731B2A28A88B5600F39ABA /* Project object */;
			proxyType = 1;
			remoteGlobalIDString = 07731B4628A88B7600F39ABA;
			remoteInfo = RepoWatcherWidgetExtension;
		};
/* End PBXContainerItemProxy section */

/* Begin PBXCopyFilesBuildPhase section */
		07731B5928A88B7700F39ABA /* Embed Foundation Extensions */ = {
			isa = PBXCopyFilesBuildPhase;
			buildActionMask = 2147483647;
			dstPath = "";
			dstSubfolderSpec = 13;
			files = (
				07731B5528A88B7700F39ABA /* RepoWatcherWidgetExtension.appex in Embed Foundation Extensions */,
				0750D727292AABE100224D24 /* RepoWatcherIntents.appex in Embed Foundation Extensions */,
			);
			name = "Embed Foundation Extensions";
			runOnlyForDeploymentPostprocessing = 0;
		};
/* End PBXCopyFilesBuildPhase section */

/* Begin PBXFileReference section */
		0746931828AF3907000423BE /* MockData.swift */ = {isa = PBXFileReference; lastKnownFileType = sourcecode.swift; path = MockData.swift; sourceTree = "<group>"; };
		0750D716292AAAD500224D24 /* SelectReportIntents.intentdefinition */ = {isa = PBXFileReference; lastKnownFileType = file.intentdefinition; path = SelectReportIntents.intentdefinition; sourceTree = "<group>"; };
		0750D719292AAB0600224D24 /* Info.plist */ = {isa = PBXFileReference; lastKnownFileType = text.plist; path = Info.plist; sourceTree = "<group>"; };
		0750D71E292AABE100224D24 /* RepoWatcherIntents.appex */ = {isa = PBXFileReference; explicitFileType = "wrapper.app-extension"; includeInIndex = 0; path = RepoWatcherIntents.appex; sourceTree = BUILT_PRODUCTS_DIR; };
		0750D71F292AABE100224D24 /* Intents.framework */ = {isa = PBXFileReference; lastKnownFileType = wrapper.framework; name = Intents.framework; path = System/Library/Frameworks/Intents.framework; sourceTree = SDKROOT; };
		0750D722292AABE100224D24 /* IntentHandler.swift */ = {isa = PBXFileReference; lastKnownFileType = sourcecode.swift; path = IntentHandler.swift; sourceTree = "<group>"; };
		0750D724292AABE100224D24 /* Info.plist */ = {isa = PBXFileReference; lastKnownFileType = text.plist.xml; path = Info.plist; sourceTree = "<group>"; };
		0750D72B292AAC1000224D24 /* RepoWatcherIntents.entitlements */ = {isa = PBXFileReference; lastKnownFileType = text.plist.entitlements; path = RepoWatcherIntents.entitlements; sourceTree = "<group>"; };
		0759DB4628B32674005D5881 /* WidgetBundle.swift */ = {isa = PBXFileReference; lastKnownFileType = sourcecode.swift; path = WidgetBundle.swift; sourceTree = "<group>"; };
		0759DB4828B3287E005D5881 /* SingleRepoWidget.swift */ = {isa = PBXFileReference; lastKnownFileType = sourcecode.swift; path = SingleRepoWidget.swift; sourceTree = "<group>"; };
		0759DB4A28B32FF5005D5881 /* ContributorMediumView.swift */ = {isa = PBXFileReference; lastKnownFileType = sourcecode.swift; path = ContributorMediumView.swift; sourceTree = "<group>"; };
		0759DB4C28B331B1005D5881 /* Contributor.swift */ = {isa = PBXFileReference; lastKnownFileType = sourcecode.swift; path = Contributor.swift; sourceTree = "<group>"; };
		075D0967292827450006C383 /* RepoWatcher.entitlements */ = {isa = PBXFileReference; lastKnownFileType = text.plist.entitlements; path = RepoWatcher.entitlements; sourceTree = "<group>"; };
		075D0968292827A90006C383 /* UserDefaults+Ext.swift */ = {isa = PBXFileReference; lastKnownFileType = sourcecode.swift; path = "UserDefaults+Ext.swift"; sourceTree = "<group>"; };
		0766260628ADEAEB00CB32A7 /* RepoMediumView.swift */ = {isa = PBXFileReference; lastKnownFileType = sourcecode.swift; path = RepoMediumView.swift; sourceTree = "<group>"; };
		07731B3228A88B5700F39ABA /* RepoWatcher.app */ = {isa = PBXFileReference; explicitFileType = wrapper.application; includeInIndex = 0; path = RepoWatcher.app; sourceTree = BUILT_PRODUCTS_DIR; };
		07731B3528A88B5700F39ABA /* RepoWatcherApp.swift */ = {isa = PBXFileReference; lastKnownFileType = sourcecode.swift; path = RepoWatcherApp.swift; sourceTree = "<group>"; };
		07731B3728A88B5700F39ABA /* ContentView.swift */ = {isa = PBXFileReference; lastKnownFileType = sourcecode.swift; path = ContentView.swift; sourceTree = "<group>"; };
		07731B3928A88B5800F39ABA /* Assets.xcassets */ = {isa = PBXFileReference; lastKnownFileType = folder.assetcatalog; path = Assets.xcassets; sourceTree = "<group>"; };
		07731B3C28A88B5800F39ABA /* Preview Assets.xcassets */ = {isa = PBXFileReference; lastKnownFileType = folder.assetcatalog; path = "Preview Assets.xcassets"; sourceTree = "<group>"; };
		07731B4728A88B7600F39ABA /* RepoWatcherWidgetExtension.appex */ = {isa = PBXFileReference; explicitFileType = "wrapper.app-extension"; includeInIndex = 0; path = RepoWatcherWidgetExtension.appex; sourceTree = BUILT_PRODUCTS_DIR; };
		07731B4928A88B7600F39ABA /* WidgetKit.framework */ = {isa = PBXFileReference; lastKnownFileType = wrapper.framework; name = WidgetKit.framework; path = System/Library/Frameworks/WidgetKit.framework; sourceTree = SDKROOT; };
		07731B4B28A88B7600F39ABA /* SwiftUI.framework */ = {isa = PBXFileReference; lastKnownFileType = wrapper.framework; name = SwiftUI.framework; path = System/Library/Frameworks/SwiftUI.framework; sourceTree = SDKROOT; };
		07731B4E28A88B7600F39ABA /* DoubleRepoWidget.swift */ = {isa = PBXFileReference; lastKnownFileType = sourcecode.swift; path = DoubleRepoWidget.swift; sourceTree = "<group>"; };
		07731B5028A88B7700F39ABA /* Assets.xcassets */ = {isa = PBXFileReference; lastKnownFileType = folder.assetcatalog; path = Assets.xcassets; sourceTree = "<group>"; };
		07731B5228A88B7700F39ABA /* Info.plist */ = {isa = PBXFileReference; lastKnownFileType = text.plist.xml; path = Info.plist; sourceTree = "<group>"; };
		07731B5A28A8905700F39ABA /* Repository.swift */ = {isa = PBXFileReference; lastKnownFileType = sourcecode.swift; path = Repository.swift; sourceTree = "<group>"; };
		07731B5E28A8976C00F39ABA /* NetworkManager.swift */ = {isa = PBXFileReference; lastKnownFileType = sourcecode.swift; path = NetworkManager.swift; sourceTree = "<group>"; };
/* End PBXFileReference section */

/* Begin PBXFrameworksBuildPhase section */
		0750D71B292AABE100224D24 /* Frameworks */ = {
			isa = PBXFrameworksBuildPhase;
			buildActionMask = 2147483647;
			files = (
				0750D720292AABE100224D24 /* Intents.framework in Frameworks */,
			);
			runOnlyForDeploymentPostprocessing = 0;
		};
		07731B2F28A88B5700F39ABA /* Frameworks */ = {
			isa = PBXFrameworksBuildPhase;
			buildActionMask = 2147483647;
			files = (
			);
			runOnlyForDeploymentPostprocessing = 0;
		};
		07731B4428A88B7600F39ABA /* Frameworks */ = {
			isa = PBXFrameworksBuildPhase;
			buildActionMask = 2147483647;
			files = (
				07731B4C28A88B7600F39ABA /* SwiftUI.framework in Frameworks */,
				07731B4A28A88B7600F39ABA /* WidgetKit.framework in Frameworks */,
			);
			runOnlyForDeploymentPostprocessing = 0;
		};
/* End PBXFrameworksBuildPhase section */

/* Begin PBXGroup section */
		0750D721292AABE100224D24 /* RepoWatcherIntents */ = {
			isa = PBXGroup;
			children = (
				0750D72B292AAC1000224D24 /* RepoWatcherIntents.entitlements */,
				0750D722292AABE100224D24 /* IntentHandler.swift */,
				0750D724292AABE100224D24 /* Info.plist */,
			);
			path = RepoWatcherIntents;
			sourceTree = "<group>";
		};
		07731B2928A88B5600F39ABA = {
			isa = PBXGroup;
			children = (
				07731B3428A88B5700F39ABA /* RepoWatcher */,
				07731B4D28A88B7600F39ABA /* RepoWatcherWidget */,
				0750D721292AABE100224D24 /* RepoWatcherIntents */,
				07731B4828A88B7600F39ABA /* Frameworks */,
				07731B3328A88B5700F39ABA /* Products */,
			);
			sourceTree = "<group>";
		};
		07731B3328A88B5700F39ABA /* Products */ = {
			isa = PBXGroup;
			children = (
				07731B3228A88B5700F39ABA /* RepoWatcher.app */,
				07731B4728A88B7600F39ABA /* RepoWatcherWidgetExtension.appex */,
				0750D71E292AABE100224D24 /* RepoWatcherIntents.appex */,
			);
			name = Products;
			sourceTree = "<group>";
		};
		07731B3428A88B5700F39ABA /* RepoWatcher */ = {
			isa = PBXGroup;
			children = (
				0750D719292AAB0600224D24 /* Info.plist */,
				075D0967292827450006C383 /* RepoWatcher.entitlements */,
				07731B3528A88B5700F39ABA /* RepoWatcherApp.swift */,
				07731B3728A88B5700F39ABA /* ContentView.swift */,
				07731B5A28A8905700F39ABA /* Repository.swift */,
				0759DB4C28B331B1005D5881 /* Contributor.swift */,
				07731B5E28A8976C00F39ABA /* NetworkManager.swift */,
				07731B3928A88B5800F39ABA /* Assets.xcassets */,
				07731B3B28A88B5800F39ABA /* Preview Content */,
				075D0968292827A90006C383 /* UserDefaults+Ext.swift */,
			);
			path = RepoWatcher;
			sourceTree = "<group>";
		};
		07731B3B28A88B5800F39ABA /* Preview Content */ = {
			isa = PBXGroup;
			children = (
				07731B3C28A88B5800F39ABA /* Preview Assets.xcassets */,
			);
			path = "Preview Content";
			sourceTree = "<group>";
		};
		07731B4828A88B7600F39ABA /* Frameworks */ = {
			isa = PBXGroup;
			children = (
				07731B4928A88B7600F39ABA /* WidgetKit.framework */,
				07731B4B28A88B7600F39ABA /* SwiftUI.framework */,
				0750D71F292AABE100224D24 /* Intents.framework */,
			);
			name = Frameworks;
			sourceTree = "<group>";
		};
		07731B4D28A88B7600F39ABA /* RepoWatcherWidget */ = {
			isa = PBXGroup;
			children = (
				0759DB4628B32674005D5881 /* WidgetBundle.swift */,
				0759DB4828B3287E005D5881 /* SingleRepoWidget.swift */,
				07731B4E28A88B7600F39ABA /* DoubleRepoWidget.swift */,
				0766260628ADEAEB00CB32A7 /* RepoMediumView.swift */,
				0759DB4A28B32FF5005D5881 /* ContributorMediumView.swift */,
				0746931828AF3907000423BE /* MockData.swift */,
				07731B5028A88B7700F39ABA /* Assets.xcassets */,
				07731B5228A88B7700F39ABA /* Info.plist */,
				0750D716292AAAD500224D24 /* SelectReportIntents.intentdefinition */,
			);
			path = RepoWatcherWidget;
			sourceTree = "<group>";
		};
/* End PBXGroup section */

/* Begin PBXNativeTarget section */
		0750D71D292AABE100224D24 /* RepoWatcherIntents */ = {
			isa = PBXNativeTarget;
			buildConfigurationList = 0750D728292AABE100224D24 /* Build configuration list for PBXNativeTarget "RepoWatcherIntents" */;
			buildPhases = (
				0750D71A292AABE100224D24 /* Sources */,
				0750D71B292AABE100224D24 /* Frameworks */,
				0750D71C292AABE100224D24 /* Resources */,
			);
			buildRules = (
			);
			dependencies = (
			);
			name = RepoWatcherIntents;
			productName = RepoWatcherIntents;
			productReference = 0750D71E292AABE100224D24 /* RepoWatcherIntents.appex */;
			productType = "com.apple.product-type.app-extension";
		};
		07731B3128A88B5700F39ABA /* RepoWatcher */ = {
			isa = PBXNativeTarget;
			buildConfigurationList = 07731B4028A88B5800F39ABA /* Build configuration list for PBXNativeTarget "RepoWatcher" */;
			buildPhases = (
				07731B2E28A88B5700F39ABA /* Sources */,
				07731B2F28A88B5700F39ABA /* Frameworks */,
				07731B3028A88B5700F39ABA /* Resources */,
				07731B5928A88B7700F39ABA /* Embed Foundation Extensions */,
			);
			buildRules = (
			);
			dependencies = (
				07731B5428A88B7700F39ABA /* PBXTargetDependency */,
				0750D726292AABE100224D24 /* PBXTargetDependency */,
			);
			name = RepoWatcher;
			productName = RepoWatcher;
			productReference = 07731B3228A88B5700F39ABA /* RepoWatcher.app */;
			productType = "com.apple.product-type.application";
		};
		07731B4628A88B7600F39ABA /* RepoWatcherWidgetExtension */ = {
			isa = PBXNativeTarget;
			buildConfigurationList = 07731B5628A88B7700F39ABA /* Build configuration list for PBXNativeTarget "RepoWatcherWidgetExtension" */;
			buildPhases = (
				07731B4328A88B7600F39ABA /* Sources */,
				07731B4428A88B7600F39ABA /* Frameworks */,
				07731B4528A88B7600F39ABA /* Resources */,
			);
			buildRules = (
			);
			dependencies = (
			);
			name = RepoWatcherWidgetExtension;
			productName = RepoWatcherWidgetExtension;
			productReference = 07731B4728A88B7600F39ABA /* RepoWatcherWidgetExtension.appex */;
			productType = "com.apple.product-type.app-extension";
		};
/* End PBXNativeTarget section */

/* Begin PBXProject section */
		07731B2A28A88B5600F39ABA /* Project object */ = {
			isa = PBXProject;
			attributes = {
				BuildIndependentTargetsInParallel = 1;
				LastSwiftUpdateCheck = 1410;
				LastUpgradeCheck = 1400;
				TargetAttributes = {
					0750D71D292AABE100224D24 = {
						CreatedOnToolsVersion = 14.1;
					};
					07731B3128A88B5700F39ABA = {
						CreatedOnToolsVersion = 13.4.1;
					};
					07731B4628A88B7600F39ABA = {
						CreatedOnToolsVersion = 13.4.1;
					};
				};
			};
			buildConfigurationList = 07731B2D28A88B5600F39ABA /* Build configuration list for PBXProject "RepoWatcher" */;
			compatibilityVersion = "Xcode 13.0";
			developmentRegion = en;
			hasScannedForEncodings = 0;
			knownRegions = (
				en,
				Base,
			);
			mainGroup = 07731B2928A88B5600F39ABA;
			productRefGroup = 07731B3328A88B5700F39ABA /* Products */;
			projectDirPath = "";
			projectRoot = "";
			targets = (
				07731B3128A88B5700F39ABA /* RepoWatcher */,
				07731B4628A88B7600F39ABA /* RepoWatcherWidgetExtension */,
				0750D71D292AABE100224D24 /* RepoWatcherIntents */,
			);
		};
/* End PBXProject section */

/* Begin PBXResourcesBuildPhase section */
		0750D71C292AABE100224D24 /* Resources */ = {
			isa = PBXResourcesBuildPhase;
			buildActionMask = 2147483647;
			files = (
			);
			runOnlyForDeploymentPostprocessing = 0;
		};
		07731B3028A88B5700F39ABA /* Resources */ = {
			isa = PBXResourcesBuildPhase;
			buildActionMask = 2147483647;
			files = (
				07731B3D28A88B5800F39ABA /* Preview Assets.xcassets in Resources */,
				07731B3A28A88B5800F39ABA /* Assets.xcassets in Resources */,
			);
			runOnlyForDeploymentPostprocessing = 0;
		};
		07731B4528A88B7600F39ABA /* Resources */ = {
			isa = PBXResourcesBuildPhase;
			buildActionMask = 2147483647;
			files = (
				07731B5128A88B7700F39ABA /* Assets.xcassets in Resources */,
			);
			runOnlyForDeploymentPostprocessing = 0;
		};
/* End PBXResourcesBuildPhase section */

/* Begin PBXSourcesBuildPhase section */
		0750D71A292AABE100224D24 /* Sources */ = {
			isa = PBXSourcesBuildPhase;
			buildActionMask = 2147483647;
			files = (
				0750D72C292AAC7200224D24 /* SelectReportIntents.intentdefinition in Sources */,
				0750D723292AABE100224D24 /* IntentHandler.swift in Sources */,
				0750D72D292AACA100224D24 /* UserDefaults+Ext.swift in Sources */,
			);
			runOnlyForDeploymentPostprocessing = 0;
		};
		07731B2E28A88B5700F39ABA /* Sources */ = {
			isa = PBXSourcesBuildPhase;
			buildActionMask = 2147483647;
			files = (
				07731B5F28A8976C00F39ABA /* NetworkManager.swift in Sources */,
				0759DB4D28B331B1005D5881 /* Contributor.swift in Sources */,
				075D0969292827A90006C383 /* UserDefaults+Ext.swift in Sources */,
				07731B3828A88B5700F39ABA /* ContentView.swift in Sources */,
				07731B3628A88B5700F39ABA /* RepoWatcherApp.swift in Sources */,
				07731B5B28A8905700F39ABA /* Repository.swift in Sources */,
				0750D717292AAAD500224D24 /* SelectReportIntents.intentdefinition in Sources */,
			);
			runOnlyForDeploymentPostprocessing = 0;
		};
		07731B4328A88B7600F39ABA /* Sources */ = {
			isa = PBXSourcesBuildPhase;
			buildActionMask = 2147483647;
			files = (
				0750D718292AAAD500224D24 /* SelectReportIntents.intentdefinition in Sources */,
				0759DB4928B3287E005D5881 /* SingleRepoWidget.swift in Sources */,
				0759DB4E28B331B1005D5881 /* Contributor.swift in Sources */,
				07731B6028A8976C00F39ABA /* NetworkManager.swift in Sources */,
				0766260728ADEAEB00CB32A7 /* RepoMediumView.swift in Sources */,
				07731B4F28A88B7600F39ABA /* DoubleRepoWidget.swift in Sources */,
				0759DB4728B32674005D5881 /* WidgetBundle.swift in Sources */,
				0759DB4B28B32FF5005D5881 /* ContributorMediumView.swift in Sources */,
				07731B5D28A892ED00F39ABA /* Repository.swift in Sources */,
				0746931928AF3907000423BE /* MockData.swift in Sources */,
			);
			runOnlyForDeploymentPostprocessing = 0;
		};
/* End PBXSourcesBuildPhase section */

/* Begin PBXTargetDependency section */
		0750D726292AABE100224D24 /* PBXTargetDependency */ = {
			isa = PBXTargetDependency;
			target = 0750D71D292AABE100224D24 /* RepoWatcherIntents */;
			targetProxy = 0750D725292AABE100224D24 /* PBXContainerItemProxy */;
		};
		07731B5428A88B7700F39ABA /* PBXTargetDependency */ = {
			isa = PBXTargetDependency;
			target = 07731B4628A88B7600F39ABA /* RepoWatcherWidgetExtension */;
			targetProxy = 07731B5328A88B7700F39ABA /* PBXContainerItemProxy */;
		};
/* End PBXTargetDependency section */

/* Begin XCBuildConfiguration section */
		0750D729292AABE100224D24 /* Debug */ = {
			isa = XCBuildConfiguration;
			buildSettings = {
				CLANG_CXX_LANGUAGE_STANDARD = "gnu++20";
				CODE_SIGN_ENTITLEMENTS = RepoWatcherIntents/RepoWatcherIntents.entitlements;
				CODE_SIGN_STYLE = Automatic;
				CURRENT_PROJECT_VERSION = 1;
				DEVELOPMENT_TEAM = S5B48PD3CP;
				GENERATE_INFOPLIST_FILE = YES;
				INFOPLIST_FILE = RepoWatcherIntents/Info.plist;
				INFOPLIST_KEY_CFBundleDisplayName = RepoWatcherIntents;
				INFOPLIST_KEY_NSHumanReadableCopyright = "";
				IPHONEOS_DEPLOYMENT_TARGET = 16.1;
				LD_RUNPATH_SEARCH_PATHS = (
					"$(inherited)",
					"@executable_path/Frameworks",
					"@executable_path/../../Frameworks",
				);
				MARKETING_VERSION = 1.0;
				PRODUCT_BUNDLE_IDENTIFIER = py.com.fabianskier.RepoWatcher.RepoWatcherIntents;
				PRODUCT_NAME = "$(TARGET_NAME)";
				SKIP_INSTALL = YES;
				SWIFT_EMIT_LOC_STRINGS = YES;
				SWIFT_VERSION = 5.0;
				TARGETED_DEVICE_FAMILY = "1,2";
			};
			name = Debug;
		};
		0750D72A292AABE100224D24 /* Release */ = {
			isa = XCBuildConfiguration;
			buildSettings = {
				CLANG_CXX_LANGUAGE_STANDARD = "gnu++20";
				CODE_SIGN_ENTITLEMENTS = RepoWatcherIntents/RepoWatcherIntents.entitlements;
				CODE_SIGN_STYLE = Automatic;
				CURRENT_PROJECT_VERSION = 1;
				DEVELOPMENT_TEAM = S5B48PD3CP;
				GENERATE_INFOPLIST_FILE = YES;
				INFOPLIST_FILE = RepoWatcherIntents/Info.plist;
				INFOPLIST_KEY_CFBundleDisplayName = RepoWatcherIntents;
				INFOPLIST_KEY_NSHumanReadableCopyright = "";
				IPHONEOS_DEPLOYMENT_TARGET = 16.1;
				LD_RUNPATH_SEARCH_PATHS = (
					"$(inherited)",
					"@executable_path/Frameworks",
					"@executable_path/../../Frameworks",
				);
				MARKETING_VERSION = 1.0;
				PRODUCT_BUNDLE_IDENTIFIER = py.com.fabianskier.RepoWatcher.RepoWatcherIntents;
				PRODUCT_NAME = "$(TARGET_NAME)";
				SKIP_INSTALL = YES;
				SWIFT_EMIT_LOC_STRINGS = YES;
				SWIFT_VERSION = 5.0;
				TARGETED_DEVICE_FAMILY = "1,2";
			};
			name = Release;
		};
		07731B3E28A88B5800F39ABA /* Debug */ = {
			isa = XCBuildConfiguration;
			buildSettings = {
				ALWAYS_SEARCH_USER_PATHS = NO;
				CLANG_ANALYZER_NONNULL = YES;
				CLANG_ANALYZER_NUMBER_OBJECT_CONVERSION = YES_AGGRESSIVE;
				CLANG_CXX_LANGUAGE_STANDARD = "gnu++17";
				CLANG_ENABLE_MODULES = YES;
				CLANG_ENABLE_OBJC_ARC = YES;
				CLANG_ENABLE_OBJC_WEAK = YES;
				CLANG_WARN_BLOCK_CAPTURE_AUTORELEASING = YES;
				CLANG_WARN_BOOL_CONVERSION = YES;
				CLANG_WARN_COMMA = YES;
				CLANG_WARN_CONSTANT_CONVERSION = YES;
				CLANG_WARN_DEPRECATED_OBJC_IMPLEMENTATIONS = YES;
				CLANG_WARN_DIRECT_OBJC_ISA_USAGE = YES_ERROR;
				CLANG_WARN_DOCUMENTATION_COMMENTS = YES;
				CLANG_WARN_EMPTY_BODY = YES;
				CLANG_WARN_ENUM_CONVERSION = YES;
				CLANG_WARN_INFINITE_RECURSION = YES;
				CLANG_WARN_INT_CONVERSION = YES;
				CLANG_WARN_NON_LITERAL_NULL_CONVERSION = YES;
				CLANG_WARN_OBJC_IMPLICIT_RETAIN_SELF = YES;
				CLANG_WARN_OBJC_LITERAL_CONVERSION = YES;
				CLANG_WARN_OBJC_ROOT_CLASS = YES_ERROR;
				CLANG_WARN_QUOTED_INCLUDE_IN_FRAMEWORK_HEADER = YES;
				CLANG_WARN_RANGE_LOOP_ANALYSIS = YES;
				CLANG_WARN_STRICT_PROTOTYPES = YES;
				CLANG_WARN_SUSPICIOUS_MOVE = YES;
				CLANG_WARN_UNGUARDED_AVAILABILITY = YES_AGGRESSIVE;
				CLANG_WARN_UNREACHABLE_CODE = YES;
				CLANG_WARN__DUPLICATE_METHOD_MATCH = YES;
				COPY_PHASE_STRIP = NO;
				DEBUG_INFORMATION_FORMAT = dwarf;
				ENABLE_STRICT_OBJC_MSGSEND = YES;
				ENABLE_TESTABILITY = YES;
				GCC_C_LANGUAGE_STANDARD = gnu11;
				GCC_DYNAMIC_NO_PIC = NO;
				GCC_NO_COMMON_BLOCKS = YES;
				GCC_OPTIMIZATION_LEVEL = 0;
				GCC_PREPROCESSOR_DEFINITIONS = (
					"DEBUG=1",
					"$(inherited)",
				);
				GCC_WARN_64_TO_32_BIT_CONVERSION = YES;
				GCC_WARN_ABOUT_RETURN_TYPE = YES_ERROR;
				GCC_WARN_UNDECLARED_SELECTOR = YES;
				GCC_WARN_UNINITIALIZED_AUTOS = YES_AGGRESSIVE;
				GCC_WARN_UNUSED_FUNCTION = YES;
				GCC_WARN_UNUSED_VARIABLE = YES;
				IPHONEOS_DEPLOYMENT_TARGET = 16.0;
				MTL_ENABLE_DEBUG_INFO = INCLUDE_SOURCE;
				MTL_FAST_MATH = YES;
				ONLY_ACTIVE_ARCH = YES;
				SDKROOT = iphoneos;
				SWIFT_ACTIVE_COMPILATION_CONDITIONS = DEBUG;
				SWIFT_OPTIMIZATION_LEVEL = "-Onone";
			};
			name = Debug;
		};
		07731B3F28A88B5800F39ABA /* Release */ = {
			isa = XCBuildConfiguration;
			buildSettings = {
				ALWAYS_SEARCH_USER_PATHS = NO;
				CLANG_ANALYZER_NONNULL = YES;
				CLANG_ANALYZER_NUMBER_OBJECT_CONVERSION = YES_AGGRESSIVE;
				CLANG_CXX_LANGUAGE_STANDARD = "gnu++17";
				CLANG_ENABLE_MODULES = YES;
				CLANG_ENABLE_OBJC_ARC = YES;
				CLANG_ENABLE_OBJC_WEAK = YES;
				CLANG_WARN_BLOCK_CAPTURE_AUTORELEASING = YES;
				CLANG_WARN_BOOL_CONVERSION = YES;
				CLANG_WARN_COMMA = YES;
				CLANG_WARN_CONSTANT_CONVERSION = YES;
				CLANG_WARN_DEPRECATED_OBJC_IMPLEMENTATIONS = YES;
				CLANG_WARN_DIRECT_OBJC_ISA_USAGE = YES_ERROR;
				CLANG_WARN_DOCUMENTATION_COMMENTS = YES;
				CLANG_WARN_EMPTY_BODY = YES;
				CLANG_WARN_ENUM_CONVERSION = YES;
				CLANG_WARN_INFINITE_RECURSION = YES;
				CLANG_WARN_INT_CONVERSION = YES;
				CLANG_WARN_NON_LITERAL_NULL_CONVERSION = YES;
				CLANG_WARN_OBJC_IMPLICIT_RETAIN_SELF = YES;
				CLANG_WARN_OBJC_LITERAL_CONVERSION = YES;
				CLANG_WARN_OBJC_ROOT_CLASS = YES_ERROR;
				CLANG_WARN_QUOTED_INCLUDE_IN_FRAMEWORK_HEADER = YES;
				CLANG_WARN_RANGE_LOOP_ANALYSIS = YES;
				CLANG_WARN_STRICT_PROTOTYPES = YES;
				CLANG_WARN_SUSPICIOUS_MOVE = YES;
				CLANG_WARN_UNGUARDED_AVAILABILITY = YES_AGGRESSIVE;
				CLANG_WARN_UNREACHABLE_CODE = YES;
				CLANG_WARN__DUPLICATE_METHOD_MATCH = YES;
				COPY_PHASE_STRIP = NO;
				DEBUG_INFORMATION_FORMAT = "dwarf-with-dsym";
				ENABLE_NS_ASSERTIONS = NO;
				ENABLE_STRICT_OBJC_MSGSEND = YES;
				GCC_C_LANGUAGE_STANDARD = gnu11;
				GCC_NO_COMMON_BLOCKS = YES;
				GCC_WARN_64_TO_32_BIT_CONVERSION = YES;
				GCC_WARN_ABOUT_RETURN_TYPE = YES_ERROR;
				GCC_WARN_UNDECLARED_SELECTOR = YES;
				GCC_WARN_UNINITIALIZED_AUTOS = YES_AGGRESSIVE;
				GCC_WARN_UNUSED_FUNCTION = YES;
				GCC_WARN_UNUSED_VARIABLE = YES;
				IPHONEOS_DEPLOYMENT_TARGET = 16.0;
				MTL_ENABLE_DEBUG_INFO = NO;
				MTL_FAST_MATH = YES;
				SDKROOT = iphoneos;
				SWIFT_COMPILATION_MODE = wholemodule;
				SWIFT_OPTIMIZATION_LEVEL = "-O";
				VALIDATE_PRODUCT = YES;
			};
			name = Release;
		};
		07731B4128A88B5800F39ABA /* Debug */ = {
			isa = XCBuildConfiguration;
			buildSettings = {
				ALWAYS_EMBED_SWIFT_STANDARD_LIBRARIES = YES;
				ASSETCATALOG_COMPILER_APPICON_NAME = AppIcon;
				ASSETCATALOG_COMPILER_GLOBAL_ACCENT_COLOR_NAME = AccentColor;
				CODE_SIGN_ENTITLEMENTS = RepoWatcher/RepoWatcher.entitlements;
				CODE_SIGN_STYLE = Automatic;
				CURRENT_PROJECT_VERSION = 1;
				DEVELOPMENT_ASSET_PATHS = "\"RepoWatcher/Preview Content\"";
				DEVELOPMENT_TEAM = S5B48PD3CP;
				ENABLE_PREVIEWS = YES;
				GENERATE_INFOPLIST_FILE = YES;
				INFOPLIST_FILE = RepoWatcher/Info.plist;
				INFOPLIST_KEY_UIApplicationSceneManifest_Generation = YES;
				INFOPLIST_KEY_UIApplicationSupportsIndirectInputEvents = YES;
				INFOPLIST_KEY_UILaunchScreen_Generation = YES;
				INFOPLIST_KEY_UISupportedInterfaceOrientations_iPad = "UIInterfaceOrientationPortrait UIInterfaceOrientationPortraitUpsideDown UIInterfaceOrientationLandscapeLeft UIInterfaceOrientationLandscapeRight";
				INFOPLIST_KEY_UISupportedInterfaceOrientations_iPhone = "UIInterfaceOrientationPortrait UIInterfaceOrientationLandscapeLeft UIInterfaceOrientationLandscapeRight";
				LD_RUNPATH_SEARCH_PATHS = (
					"$(inherited)",
					"@executable_path/Frameworks",
				);
				MARKETING_VERSION = 1.0;
				PRODUCT_BUNDLE_IDENTIFIER = py.com.fabianskier.RepoWatcher;
				PRODUCT_NAME = "$(TARGET_NAME)";
				SWIFT_EMIT_LOC_STRINGS = YES;
				SWIFT_VERSION = 5.0;
				TARGETED_DEVICE_FAMILY = "1,2";
			};
			name = Debug;
		};
		07731B4228A88B5800F39ABA /* Release */ = {
			isa = XCBuildConfiguration;
			buildSettings = {
				ALWAYS_EMBED_SWIFT_STANDARD_LIBRARIES = YES;
				ASSETCATALOG_COMPILER_APPICON_NAME = AppIcon;
				ASSETCATALOG_COMPILER_GLOBAL_ACCENT_COLOR_NAME = AccentColor;
				CODE_SIGN_ENTITLEMENTS = RepoWatcher/RepoWatcher.entitlements;
				CODE_SIGN_STYLE = Automatic;
				CURRENT_PROJECT_VERSION = 1;
				DEVELOPMENT_ASSET_PATHS = "\"RepoWatcher/Preview Content\"";
				DEVELOPMENT_TEAM = S5B48PD3CP;
				ENABLE_PREVIEWS = YES;
				GENERATE_INFOPLIST_FILE = YES;
				INFOPLIST_FILE = RepoWatcher/Info.plist;
				INFOPLIST_KEY_UIApplicationSceneManifest_Generation = YES;
				INFOPLIST_KEY_UIApplicationSupportsIndirectInputEvents = YES;
				INFOPLIST_KEY_UILaunchScreen_Generation = YES;
				INFOPLIST_KEY_UISupportedInterfaceOrientations_iPad = "UIInterfaceOrientationPortrait UIInterfaceOrientationPortraitUpsideDown UIInterfaceOrientationLandscapeLeft UIInterfaceOrientationLandscapeRight";
				INFOPLIST_KEY_UISupportedInterfaceOrientations_iPhone = "UIInterfaceOrientationPortrait UIInterfaceOrientationLandscapeLeft UIInterfaceOrientationLandscapeRight";
				LD_RUNPATH_SEARCH_PATHS = (
					"$(inherited)",
					"@executable_path/Frameworks",
				);
				MARKETING_VERSION = 1.0;
				PRODUCT_BUNDLE_IDENTIFIER = py.com.fabianskier.RepoWatcher;
				PRODUCT_NAME = "$(TARGET_NAME)";
				SWIFT_EMIT_LOC_STRINGS = YES;
				SWIFT_VERSION = 5.0;
				TARGETED_DEVICE_FAMILY = "1,2";
			};
			name = Release;
		};
		07731B5728A88B7700F39ABA /* Debug */ = {
			isa = XCBuildConfiguration;
			buildSettings = {
				ASSETCATALOG_COMPILER_GLOBAL_ACCENT_COLOR_NAME = AccentColor;
				ASSETCATALOG_COMPILER_WIDGET_BACKGROUND_COLOR_NAME = WidgetBackground;
				CODE_SIGN_STYLE = Automatic;
				CURRENT_PROJECT_VERSION = 1;
				DEVELOPMENT_TEAM = S5B48PD3CP;
				GENERATE_INFOPLIST_FILE = YES;
				INFOPLIST_FILE = RepoWatcherWidget/Info.plist;
				INFOPLIST_KEY_CFBundleDisplayName = RepoWatcherWidget;
				INFOPLIST_KEY_NSHumanReadableCopyright = "";
				LD_RUNPATH_SEARCH_PATHS = (
					"$(inherited)",
					"@executable_path/Frameworks",
					"@executable_path/../../Frameworks",
				);
				MARKETING_VERSION = 1.0;
				PRODUCT_BUNDLE_IDENTIFIER = py.com.fabianskier.RepoWatcher.RepoWatcherWidget;
				PRODUCT_NAME = "$(TARGET_NAME)";
				SKIP_INSTALL = YES;
				SWIFT_EMIT_LOC_STRINGS = YES;
				SWIFT_VERSION = 5.0;
				TARGETED_DEVICE_FAMILY = "1,2";
			};
			name = Debug;
		};
		07731B5828A88B7700F39ABA /* Release */ = {
			isa = XCBuildConfiguration;
			buildSettings = {
				ASSETCATALOG_COMPILER_GLOBAL_ACCENT_COLOR_NAME = AccentColor;
				ASSETCATALOG_COMPILER_WIDGET_BACKGROUND_COLOR_NAME = WidgetBackground;
				CODE_SIGN_STYLE = Automatic;
				CURRENT_PROJECT_VERSION = 1;
				DEVELOPMENT_TEAM = S5B48PD3CP;
				GENERATE_INFOPLIST_FILE = YES;
				INFOPLIST_FILE = RepoWatcherWidget/Info.plist;
				INFOPLIST_KEY_CFBundleDisplayName = RepoWatcherWidget;
				INFOPLIST_KEY_NSHumanReadableCopyright = "";
				LD_RUNPATH_SEARCH_PATHS = (
					"$(inherited)",
					"@executable_path/Frameworks",
					"@executable_path/../../Frameworks",
				);
				MARKETING_VERSION = 1.0;
				PRODUCT_BUNDLE_IDENTIFIER = py.com.fabianskier.RepoWatcher.RepoWatcherWidget;
				PRODUCT_NAME = "$(TARGET_NAME)";
				SKIP_INSTALL = YES;
				SWIFT_EMIT_LOC_STRINGS = YES;
				SWIFT_VERSION = 5.0;
				TARGETED_DEVICE_FAMILY = "1,2";
			};
			name = Release;
		};
/* End XCBuildConfiguration section */

/* Begin XCConfigurationList section */
		0750D728292AABE100224D24 /* Build configuration list for PBXNativeTarget "RepoWatcherIntents" */ = {
			isa = XCConfigurationList;
			buildConfigurations = (
				0750D729292AABE100224D24 /* Debug */,
				0750D72A292AABE100224D24 /* Release */,
			);
			defaultConfigurationIsVisible = 0;
			defaultConfigurationName = Release;
		};
		07731B2D28A88B5600F39ABA /* Build configuration list for PBXProject "RepoWatcher" */ = {
			isa = XCConfigurationList;
			buildConfigurations = (
				07731B3E28A88B5800F39ABA /* Debug */,
				07731B3F28A88B5800F39ABA /* Release */,
			);
			defaultConfigurationIsVisible = 0;
			defaultConfigurationName = Release;
		};
		07731B4028A88B5800F39ABA /* Build configuration list for PBXNativeTarget "RepoWatcher" */ = {
			isa = XCConfigurationList;
			buildConfigurations = (
				07731B4128A88B5800F39ABA /* Debug */,
				07731B4228A88B5800F39ABA /* Release */,
			);
			defaultConfigurationIsVisible = 0;
			defaultConfigurationName = Release;
		};
		07731B5628A88B7700F39ABA /* Build configuration list for PBXNativeTarget "RepoWatcherWidgetExtension" */ = {
			isa = XCConfigurationList;
			buildConfigurations = (
				07731B5728A88B7700F39ABA /* Debug */,
				07731B5828A88B7700F39ABA /* Release */,
			);
			defaultConfigurationIsVisible = 0;
			defaultConfigurationName = Release;
		};
/* End XCConfigurationList section */
	};
	rootObject = 07731B2A28A88B5600F39ABA /* Project object */;
}
